
Microsoft Visual Studio Solution File, Format Version 12.00
# Visual Studio Version 17
VisualStudioVersion = 17.0.31903.59
MinimumVisualStudioVersion = 10.0.40219.1
Project("{9A19103F-16F7-4668-BE54-9A1E7A4F7556}") = "DumpTether.Api", "src\DumpTether.Api\DumpTether.Api.csproj", "{B8C2104F-7DF1-4A6D-91D6-D276A8B42DF2}"
EndProject
Project("{9A19103F-16F7-4668-BE54-9A1E7A4F7556}") = "DumpTether.App", "src\DumpTether.App\DumpTether.App.csproj", "{13E72BD5-2A2F-419D-8528-07D66E73F29F}"
EndProject
Project("{9A19103F-16F7-4668-BE54-9A1E7A4F7556}") = "DumpTether.Data", "src\DumpTether.Data\DumpTether.Data.csproj", "{9036B4BB-8EE8-4E15-B377-8E8266D4F549}"
EndProject
Project("{9A19103F-16F7-4668-BE54-9A1E7A4F7556}") = "DumpTether.Domain", "src\DumpTether.Domain\DumpTether.Domain.csproj", "{935E3443-8582-4C8D-B7D5-36E67BA598E9}"
EndProject
Project("{2150E333-8FDC-42A3-9474-1A3956D46DE8}") = "tests", "tests", "{0AB3BF05-4346-4AA6-1389-037BE0695223}"
EndProject
Project("{FAE04EC0-301F-11D3-BF4B-00C04F79EFBC}") = "DumpTether.Domain.Tests", "tests\DumpTether.Domain.Tests\DumpTether.Domain.Tests.csproj", "{0CF3BE81-B60E-4B80-B8E0-36603825CDA7}"
EndProject
Project("{2150E333-8FDC-42A3-9474-1A3956D46DE8}") = "src", "src", "{827E0CD3-B72D-47B6-A68D-7590B98EB39B}"
EndProject
Global
	GlobalSection(SolutionConfigurationPlatforms) = preSolution
		Debug|Any CPU = Debug|Any CPU
		Debug|x64 = Debug|x64
		Debug|x86 = Debug|x86
		Release|Any CPU = Release|Any CPU
		Release|x64 = Release|x64
		Release|x86 = Release|x86
	EndGlobalSection
	GlobalSection(ProjectConfigurationPlatforms) = postSolution
		{B8C2104F-7DF1-4A6D-91D6-D276A8B42DF2}.Debug|Any CPU.ActiveCfg = Debug|Any CPU
		{B8C2104F-7DF1-4A6D-91D6-D276A8B42DF2}.Debug|Any CPU.Build.0 = Debug|Any CPU
		{B8C2104F-7DF1-4A6D-91D6-D276A8B42DF2}.Debug|x64.ActiveCfg = Debug|Any CPU
		{B8C2104F-7DF1-4A6D-91D6-D276A8B42DF2}.Debug|x64.Build.0 = Debug|Any CPU
		{B8C2104F-7DF1-4A6D-91D6-D276A8B42DF2}.Debug|x86.ActiveCfg = Debug|Any CPU
		{B8C2104F-7DF1-4A6D-91D6-D276A8B42DF2}.Debug|x86.Build.0 = Debug|Any CPU
		{B8C2104F-7DF1-4A6D-91D6-D276A8B42DF2}.Release|Any CPU.ActiveCfg = Release|Any CPU
		{B8C2104F-7DF1-4A6D-91D6-D276A8B42DF2}.Release|Any CPU.Build.0 = Release|Any CPU
		{B8C2104F-7DF1-4A6D-91D6-D276A8B42DF2}.Release|x64.ActiveCfg = Release|Any CPU
		{B8C2104F-7DF1-4A6D-91D6-D276A8B42DF2}.Release|x64.Build.0 = Release|Any CPU
		{B8C2104F-7DF1-4A6D-91D6-D276A8B42DF2}.Release|x86.ActiveCfg = Release|Any CPU
		{B8C2104F-7DF1-4A6D-91D6-D276A8B42DF2}.Release|x86.Build.0 = Release|Any CPU
		{13E72BD5-2A2F-419D-8528-07D66E73F29F}.Debug|Any CPU.ActiveCfg = Debug|Any CPU
		{13E72BD5-2A2F-419D-8528-07D66E73F29F}.Debug|Any CPU.Build.0 = Debug|Any CPU
		{13E72BD5-2A2F-419D-8528-07D66E73F29F}.Debug|x64.ActiveCfg = Debug|Any CPU
		{13E72BD5-2A2F-419D-8528-07D66E73F29F}.Debug|x64.Build.0 = Debug|Any CPU
		{13E72BD5-2A2F-419D-8528-07D66E73F29F}.Debug|x86.ActiveCfg = Debug|Any CPU
		{13E72BD5-2A2F-419D-8528-07D66E73F29F}.Debug|x86.Build.0 = Debug|Any CPU
		{13E72BD5-2A2F-419D-8528-07D66E73F29F}.Release|Any CPU.ActiveCfg = Release|Any CPU
		{13E72BD5-2A2F-419D-8528-07D66E73F29F}.Release|Any CPU.Build.0 = Release|Any CPU
		{13E72BD5-2A2F-419D-8528-07D66E73F29F}.Release|x64.ActiveCfg = Release|Any CPU
		{13E72BD5-2A2F-419D-8528-07D66E73F29F}.Release|x64.Build.0 = Release|Any CPU
		{13E72BD5-2A2F-419D-8528-07D66E73F29F}.Release|x86.ActiveCfg = Release|Any CPU
		{13E72BD5-2A2F-419D-8528-07D66E73F29F}.Release|x86.Build.0 = Release|Any CPU
		{9036B4BB-8EE8-4E15-B377-8E8266D4F549}.Debug|Any CPU.ActiveCfg = Debug|Any CPU
		{9036B4BB-8EE8-4E15-B377-8E8266D4F549}.Debug|Any CPU.Build.0 = Debug|Any CPU
		{9036B4BB-8EE8-4E15-B377-8E8266D4F549}.Debug|x64.ActiveCfg = Debug|Any CPU
		{9036B4BB-8EE8-4E15-B377-8E8266D4F549}.Debug|x64.Build.0 = Debug|Any CPU
		{9036B4BB-8EE8-4E15-B377-8E8266D4F549}.Debug|x86.ActiveCfg = Debug|Any CPU
		{9036B4BB-8EE8-4E15-B377-8E8266D4F549}.Debug|x86.Build.0 = Debug|Any CPU
		{9036B4BB-8EE8-4E15-B377-8E8266D4F549}.Release|Any CPU.ActiveCfg = Release|Any CPU
		{9036B4BB-8EE8-4E15-B377-8E8266D4F549}.Release|Any CPU.Build.0 = Release|Any CPU
		{9036B4BB-8EE8-4E15-B377-8E8266D4F549}.Release|x64.ActiveCfg = Release|Any CPU
		{9036B4BB-8EE8-4E15-B377-8E8266D4F549}.Release|x64.Build.0 = Release|Any CPU
		{9036B4BB-8EE8-4E15-B377-8E8266D4F549}.Release|x86.ActiveCfg = Release|Any CPU
		{9036B4BB-8EE8-4E15-B377-8E8266D4F549}.Release|x86.Build.0 = Release|Any CPU
		{935E3443-8582-4C8D-B7D5-36E67BA598E9}.Debug|Any CPU.ActiveCfg = Debug|Any CPU
		{935E3443-8582-4C8D-B7D5-36E67BA598E9}.Debug|Any CPU.Build.0 = Debug|Any CPU
		{935E3443-8582-4C8D-B7D5-36E67BA598E9}.Debug|x64.ActiveCfg = Debug|Any CPU
		{935E3443-8582-4C8D-B7D5-36E67BA598E9}.Debug|x64.Build.0 = Debug|Any CPU
		{935E3443-8582-4C8D-B7D5-36E67BA598E9}.Debug|x86.ActiveCfg = Debug|Any CPU
		{935E3443-8582-4C8D-B7D5-36E67BA598E9}.Debug|x86.Build.0 = Debug|Any CPU
		{935E3443-8582-4C8D-B7D5-36E67BA598E9}.Release|Any CPU.ActiveCfg = Release|Any CPU
		{935E3443-8582-4C8D-B7D5-36E67BA598E9}.Release|Any CPU.Build.0 = Release|Any CPU
		{935E3443-8582-4C8D-B7D5-36E67BA598E9}.Release|x64.ActiveCfg = Release|Any CPU
		{935E3443-8582-4C8D-B7D5-36E67BA598E9}.Release|x64.Build.0 = Release|Any CPU
		{935E3443-8582-4C8D-B7D5-36E67BA598E9}.Release|x86.ActiveCfg = Release|Any CPU
		{935E3443-8582-4C8D-B7D5-36E67BA598E9}.Release|x86.Build.0 = Release|Any CPU
		{0CF3BE81-B60E-4B80-B8E0-36603825CDA7}.Debug|Any CPU.ActiveCfg = Debug|Any CPU
		{0CF3BE81-B60E-4B80-B8E0-36603825CDA7}.Debug|Any CPU.Build.0 = Debug|Any CPU
		{0CF3BE81-B60E-4B80-B8E0-36603825CDA7}.Debug|x64.ActiveCfg = Debug|Any CPU
		{0CF3BE81-B60E-4B80-B8E0-36603825CDA7}.Debug|x64.Build.0 = Debug|Any CPU
		{0CF3BE81-B60E-4B80-B8E0-36603825CDA7}.Debug|x86.ActiveCfg = Debug|Any CPU
		{0CF3BE81-B60E-4B80-B8E0-36603825CDA7}.Debug|x86.Build.0 = Debug|Any CPU
		{0CF3BE81-B60E-4B80-B8E0-36603825CDA7}.Release|Any CPU.ActiveCfg = Release|Any CPU
		{0CF3BE81-B60E-4B80-B8E0-36603825CDA7}.Release|Any CPU.Build.0 = Release|Any CPU
		{0CF3BE81-B60E-4B80-B8E0-36603825CDA7}.Release|x64.ActiveCfg = Release|Any CPU
		{0CF3BE81-B60E-4B80-B8E0-36603825CDA7}.Release|x64.Build.0 = Release|Any CPU
		{0CF3BE81-B60E-4B80-B8E0-36603825CDA7}.Release|x86.ActiveCfg = Release|Any CPU
		{0CF3BE81-B60E-4B80-B8E0-36603825CDA7}.Release|x86.Build.0 = Release|Any CPU
	EndGlobalSection
	GlobalSection(SolutionProperties) = preSolution
		HideSolutionNode = FALSE
	EndGlobalSection
	GlobalSection(NestedProjects) = preSolution
		{0CF3BE81-B60E-4B80-B8E0-36603825CDA7} = {0AB3BF05-4346-4AA6-1389-037BE0695223}
	EndGlobalSection
EndGlobal
