
Microsoft Visual Studio Solution File, Format Version 12.00
# Visual Studio Version 17
VisualStudioVersion = 17.0.31903.59
MinimumVisualStudioVersion = 10.0.40219.1
Project("{9A19103F-16F7-4668-BE54-9A1E7A4F7556}") = "DumpTether.Api", "src\DumpTether.Api\DumpTether.Api.csproj", "{B8C2104F-7DF1-4A6D-91D6-D276A8B42DF2}"
EndProject
Project("{9A19103F-16F7-4668-BE54-9A1E7A4F7556}") = "DumpTether.App", "src\DumpTether.App\DumpTether.App.csproj", "{13E72BD5-2A2F-419D-8528-07D66E73F29F}"
EndProject
Project("{9A19103F-16F7-4668-BE54-9A1E7A4F7556}") = "DumpTether.Data", "src\DumpTether.Data\DumpTether.Data.csproj", "{9036B4BB-8EE8-4E15-B377-8E8266D4F549}"
EndProject
Project("{9A19103F-16F7-4668-BE54-9A1E7A4F7556}") = "DumpTether.Domain", "src\DumpTether.Domain\DumpTether.Domain.csproj", "{935E3443-8582-4C8D-B7D5-36E67BA598E9}"
EndProject
Project("{2150E333-8FDC-42A3-9474-1A3956D46DE8}") = "tests", "tests", "{0AB3BF05-4346-4AA6-1389-037BE0695223}"
EndProject
Project("{FAE04EC0-301F-11D3-BF4B-00C04F79EFBC}") = "DumpTether.Domain.Tests", "tests\DumpTether.Domain.Tests\DumpTether.Domain.Tests.csproj", "{0CF3BE81-B60E-4B80-B8E0-36603825CDA7}"
EndProject
Project("{2150E333-8FDC-42A3-9474-1A3956D46DE8}") = "src", "src", "{827E0CD3-B72D-47B6-A68D-7590B98EB39B}"
EndProject
Project("{FAE04EC0-301F-11D3-BF4B-00C04F79EFBC}") = "DumpTether.Api.Tests", "tests\DumpTether.Api.Tests\DumpTether.Api.Tests.csproj", "{A1F64FE3-DF21-41BC-BCDD-402CB6B9A316}"
EndProject
Project("{2150E333-8FDC-42A3-9474-1A3956D46DE8}") = "apps", "apps", "{FF9AC7E0-29BC-4F15-8F45-D008C44FEB63}"
EndProject
Project("{2150E333-8FDC-42A3-9474-1A3956D46DE8}") = "web", "web", "{3CA94FAE-6468-4FC3-8EA0-C012191BA8E6}"
	ProjectSection(SolutionItems) = preProject
		apps\web\.env.example = apps\web\.env.example
		apps\web\eslint.config.js = apps\web\eslint.config.js
		apps\web\index.html = apps\web\index.html
		apps\web\package-lock.json = apps\web\package-lock.json
		apps\web\package.json = apps\web\package.json
		apps\web\tsconfig.app.json = apps\web\tsconfig.app.json
		apps\web\tsconfig.json = apps\web\tsconfig.json
		apps\web\tsconfig.node.json = apps\web\tsconfig.node.json
		apps\web\vite.config.ts = apps\web\vite.config.ts
	EndProjectSection
EndProject
Project("{2150E333-8FDC-42A3-9474-1A3956D46DE8}") = "web-src", "web-src", "{19B23972-54B2-4ACC-8846-9EA926FE5863}"
	ProjectSection(SolutionItems) = preProject
		apps\web\src\api.ts = apps\web\src\api.ts
		apps\web\src\App.css = apps\web\src\App.css
		apps\web\src\App.tsx = apps\web\src\App.tsx
		apps\web\src\appTypes.ts = apps\web\src\appTypes.ts
		apps\web\src\appUtils.ts = apps\web\src\appUtils.ts
		apps\web\src\components\ColorOptionPicker.tsx = apps\web\src\components\ColorOptionPicker.tsx
		apps\web\src\components\ColorPickerPopover.tsx = apps\web\src\components\ColorPickerPopover.tsx
		apps\web\src\components\Icon.tsx = apps\web\src\components\Icon.tsx
		apps\web\src\components\ModalFrame.tsx = apps\web\src\components\ModalFrame.tsx
		apps\web\src\components\TaskFilterBar.tsx = apps\web\src\components\TaskFilterBar.tsx
		apps\web\src\components\TaskMetadata.tsx = apps\web\src\components\TaskMetadata.tsx
		apps\web\src\components\ToastStack.tsx = apps\web\src\components\ToastStack.tsx
		apps\web\src\fieldRenderers.tsx = apps\web\src\fieldRenderers.tsx
		apps\web\src\fieldValues.ts = apps\web\src\fieldValues.ts
		apps\web\src\features\settings\AccountSettingsPanels.tsx = apps\web\src\features\settings\AccountSettingsPanels.tsx
		apps\web\src\features\task-detail\CategoryMultiSelect.tsx = apps\web\src\features\task-detail\CategoryMultiSelect.tsx
		apps\web\src\features\task-detail\TaskDialogs.tsx = apps\web\src\features\task-detail\TaskDialogs.tsx
		apps\web\src\features\sharing\ShareDialog.tsx = apps\web\src\features\sharing\ShareDialog.tsx
		apps\web\src\features\task-wall\BoardLoadingState.tsx = apps\web\src\features\task-wall\BoardLoadingState.tsx
		apps\web\src\features\task-wall\DraftTaskCard.tsx = apps\web\src\features\task-wall\DraftTaskCard.tsx
		apps\web\src\features\task-wall\FloatingBoardActions.tsx = apps\web\src\features\task-wall\FloatingBoardActions.tsx
		apps\web\src\features\templates\TemplatesPage.tsx = apps\web\src\features\templates\TemplatesPage.tsx
		apps\web\src\features\timeline\TimelinePanel.tsx = apps\web\src\features\timeline\TimelinePanel.tsx
		apps\web\src\liveUpdates.ts = apps\web\src\liveUpdates.ts
		apps\web\src\localization.ts = apps\web\src\localization.ts
		apps\web\src\main.tsx = apps\web\src\main.tsx
		apps\web\src\styles\base.css = apps\web\src\styles\base.css
		apps\web\src\styles\panels.css = apps\web\src\styles\panels.css
		apps\web\src\styles\responsive.css = apps\web\src\styles\responsive.css
		apps\web\src\styles\shell.css = apps\web\src\styles\shell.css
		apps\web\src\styles\task-detail.css = apps\web\src\styles\task-detail.css
		apps\web\src\styles\task-wall.css = apps\web\src\styles\task-wall.css
		apps\web\src\taskUtils.ts = apps\web\src\taskUtils.ts
		apps\web\src\templateFieldUtils.ts = apps\web\src\templateFieldUtils.ts
		apps\web\src\templateLayout.ts = apps\web\src\templateLayout.ts
		apps\web\src\types.ts = apps\web\src\types.ts
		apps\web\src\vite-env.d.ts = apps\web\src\vite-env.d.ts
		apps\web\src\workspaceCache.ts = apps\web\src\workspaceCache.ts
	EndProjectSection
EndProject
Project("{2150E333-8FDC-42A3-9474-1A3956D46DE8}") = "frontend-docs", "frontend-docs", "{F2B59F92-13C4-4FCF-9B6F-C5E7739F36D3}"
	ProjectSection(SolutionItems) = preProject
		docs\product\web-frontend-architecture.md = docs\product\web-frontend-architecture.md
	EndProjectSection
EndProject
Global
	GlobalSection(SolutionConfigurationPlatforms) = preSolution
		Debug|Any CPU = Debug|Any CPU
		Debug|x64 = Debug|x64
		Debug|x86 = Debug|x86
		Release|Any CPU = Release|Any CPU
		Release|x64 = Release|x64
		Release|x86 = Release|x86
	EndGlobalSection
	GlobalSection(ProjectConfigurationPlatforms) = postSolution
		{B8C2104F-7DF1-4A6D-91D6-D276A8B42DF2}.Debug|Any CPU.ActiveCfg = Debug|Any CPU
		{B8C2104F-7DF1-4A6D-91D6-D276A8B42DF2}.Debug|Any CPU.Build.0 = Debug|Any CPU
		{B8C2104F-7DF1-4A6D-91D6-D276A8B42DF2}.Debug|x64.ActiveCfg = Debug|Any CPU
		{B8C2104F-7DF1-4A6D-91D6-D276A8B42DF2}.Debug|x64.Build.0 = Debug|Any CPU
		{B8C2104F-7DF1-4A6D-91D6-D276A8B42DF2}.Debug|x86.ActiveCfg = Debug|Any CPU
		{B8C2104F-7DF1-4A6D-91D6-D276A8B42DF2}.Debug|x86.Build.0 = Debug|Any CPU
		{B8C2104F-7DF1-4A6D-91D6-D276A8B42DF2}.Release|Any CPU.ActiveCfg = Release|Any CPU
		{B8C2104F-7DF1-4A6D-91D6-D276A8B42DF2}.Release|Any CPU.Build.0 = Release|Any CPU
		{B8C2104F-7DF1-4A6D-91D6-D276A8B42DF2}.Release|x64.ActiveCfg = Release|Any CPU
		{B8C2104F-7DF1-4A6D-91D6-D276A8B42DF2}.Release|x64.Build.0 = Release|Any CPU
		{B8C2104F-7DF1-4A6D-91D6-D276A8B42DF2}.Release|x86.ActiveCfg = Release|Any CPU
		{B8C2104F-7DF1-4A6D-91D6-D276A8B42DF2}.Release|x86.Build.0 = Release|Any CPU
		{13E72BD5-2A2F-419D-8528-07D66E73F29F}.Debug|Any CPU.ActiveCfg = Debug|Any CPU
		{13E72BD5-2A2F-419D-8528-07D66E73F29F}.Debug|Any CPU.Build.0 = Debug|Any CPU
		{13E72BD5-2A2F-419D-8528-07D66E73F29F}.Debug|x64.ActiveCfg = Debug|Any CPU
		{13E72BD5-2A2F-419D-8528-07D66E73F29F}.Debug|x64.Build.0 = Debug|Any CPU
		{13E72BD5-2A2F-419D-8528-07D66E73F29F}.Debug|x86.ActiveCfg = Debug|Any CPU
		{13E72BD5-2A2F-419D-8528-07D66E73F29F}.Debug|x86.Build.0 = Debug|Any CPU
		{13E72BD5-2A2F-419D-8528-07D66E73F29F}.Release|Any CPU.ActiveCfg = Release|Any CPU
		{13E72BD5-2A2F-419D-8528-07D66E73F29F}.Release|Any CPU.Build.0 = Release|Any CPU
		{13E72BD5-2A2F-419D-8528-07D66E73F29F}.Release|x64.ActiveCfg = Release|Any CPU
		{13E72BD5-2A2F-419D-8528-07D66E73F29F}.Release|x64.Build.0 = Release|Any CPU
		{13E72BD5-2A2F-419D-8528-07D66E73F29F}.Release|x86.ActiveCfg = Release|Any CPU
		{13E72BD5-2A2F-419D-8528-07D66E73F29F}.Release|x86.Build.0 = Release|Any CPU
		{9036B4BB-8EE8-4E15-B377-8E8266D4F549}.Debug|Any CPU.ActiveCfg = Debug|Any CPU
		{9036B4BB-8EE8-4E15-B377-8E8266D4F549}.Debug|Any CPU.Build.0 = Debug|Any CPU
		{9036B4BB-8EE8-4E15-B377-8E8266D4F549}.Debug|x64.ActiveCfg = Debug|Any CPU
		{9036B4BB-8EE8-4E15-B377-8E8266D4F549}.Debug|x64.Build.0 = Debug|Any CPU
		{9036B4BB-8EE8-4E15-B377-8E8266D4F549}.Debug|x86.ActiveCfg = Debug|Any CPU
		{9036B4BB-8EE8-4E15-B377-8E8266D4F549}.Debug|x86.Build.0 = Debug|Any CPU
		{9036B4BB-8EE8-4E15-B377-8E8266D4F549}.Release|Any CPU.ActiveCfg = Release|Any CPU
		{9036B4BB-8EE8-4E15-B377-8E8266D4F549}.Release|Any CPU.Build.0 = Release|Any CPU
		{9036B4BB-8EE8-4E15-B377-8E8266D4F549}.Release|x64.ActiveCfg = Release|Any CPU
		{9036B4BB-8EE8-4E15-B377-8E8266D4F549}.Release|x64.Build.0 = Release|Any CPU
		{9036B4BB-8EE8-4E15-B377-8E8266D4F549}.Release|x86.ActiveCfg = Release|Any CPU
		{9036B4BB-8EE8-4E15-B377-8E8266D4F549}.Release|x86.Build.0 = Release|Any CPU
		{935E3443-8582-4C8D-B7D5-36E67BA598E9}.Debug|Any CPU.ActiveCfg = Debug|Any CPU
		{935E3443-8582-4C8D-B7D5-36E67BA598E9}.Debug|Any CPU.Build.0 = Debug|Any CPU
		{935E3443-8582-4C8D-B7D5-36E67BA598E9}.Debug|x64.ActiveCfg = Debug|Any CPU
		{935E3443-8582-4C8D-B7D5-36E67BA598E9}.Debug|x64.Build.0 = Debug|Any CPU
		{935E3443-8582-4C8D-B7D5-36E67BA598E9}.Debug|x86.ActiveCfg = Debug|Any CPU
		{935E3443-8582-4C8D-B7D5-36E67BA598E9}.Debug|x86.Build.0 = Debug|Any CPU
		{935E3443-8582-4C8D-B7D5-36E67BA598E9}.Release|Any CPU.ActiveCfg = Release|Any CPU
		{935E3443-8582-4C8D-B7D5-36E67BA598E9}.Release|Any CPU.Build.0 = Release|Any CPU
		{935E3443-8582-4C8D-B7D5-36E67BA598E9}.Release|x64.ActiveCfg = Release|Any CPU
		{935E3443-8582-4C8D-B7D5-36E67BA598E9}.Release|x64.Build.0 = Release|Any CPU
		{935E3443-8582-4C8D-B7D5-36E67BA598E9}.Release|x86.ActiveCfg = Release|Any CPU
		{935E3443-8582-4C8D-B7D5-36E67BA598E9}.Release|x86.Build.0 = Release|Any CPU
		{0CF3BE81-B60E-4B80-B8E0-36603825CDA7}.Debug|Any CPU.ActiveCfg = Debug|Any CPU
		{0CF3BE81-B60E-4B80-B8E0-36603825CDA7}.Debug|Any CPU.Build.0 = Debug|Any CPU
		{0CF3BE81-B60E-4B80-B8E0-36603825CDA7}.Debug|x64.ActiveCfg = Debug|Any CPU
		{0CF3BE81-B60E-4B80-B8E0-36603825CDA7}.Debug|x64.Build.0 = Debug|Any CPU
		{0CF3BE81-B60E-4B80-B8E0-36603825CDA7}.Debug|x86.ActiveCfg = Debug|Any CPU
		{0CF3BE81-B60E-4B80-B8E0-36603825CDA7}.Debug|x86.Build.0 = Debug|Any CPU
		{0CF3BE81-B60E-4B80-B8E0-36603825CDA7}.Release|Any CPU.ActiveCfg = Release|Any CPU
		{0CF3BE81-B60E-4B80-B8E0-36603825CDA7}.Release|Any CPU.Build.0 = Release|Any CPU
		{0CF3BE81-B60E-4B80-B8E0-36603825CDA7}.Release|x64.ActiveCfg = Release|Any CPU
		{0CF3BE81-B60E-4B80-B8E0-36603825CDA7}.Release|x64.Build.0 = Release|Any CPU
		{0CF3BE81-B60E-4B80-B8E0-36603825CDA7}.Release|x86.ActiveCfg = Release|Any CPU
		{0CF3BE81-B60E-4B80-B8E0-36603825CDA7}.Release|x86.Build.0 = Release|Any CPU
		{A1F64FE3-DF21-41BC-BCDD-402CB6B9A316}.Debug|Any CPU.ActiveCfg = Debug|Any CPU
		{A1F64FE3-DF21-41BC-BCDD-402CB6B9A316}.Debug|Any CPU.Build.0 = Debug|Any CPU
		{A1F64FE3-DF21-41BC-BCDD-402CB6B9A316}.Debug|x64.ActiveCfg = Debug|Any CPU
		{A1F64FE3-DF21-41BC-BCDD-402CB6B9A316}.Debug|x64.Build.0 = Debug|Any CPU
		{A1F64FE3-DF21-41BC-BCDD-402CB6B9A316}.Debug|x86.ActiveCfg = Debug|Any CPU
		{A1F64FE3-DF21-41BC-BCDD-402CB6B9A316}.Debug|x86.Build.0 = Debug|Any CPU
		{A1F64FE3-DF21-41BC-BCDD-402CB6B9A316}.Release|Any CPU.ActiveCfg = Release|Any CPU
		{A1F64FE3-DF21-41BC-BCDD-402CB6B9A316}.Release|Any CPU.Build.0 = Release|Any CPU
		{A1F64FE3-DF21-41BC-BCDD-402CB6B9A316}.Release|x64.ActiveCfg = Release|Any CPU
		{A1F64FE3-DF21-41BC-BCDD-402CB6B9A316}.Release|x64.Build.0 = Release|Any CPU
		{A1F64FE3-DF21-41BC-BCDD-402CB6B9A316}.Release|x86.ActiveCfg = Release|Any CPU
		{A1F64FE3-DF21-41BC-BCDD-402CB6B9A316}.Release|x86.Build.0 = Release|Any CPU
	EndGlobalSection
	GlobalSection(SolutionProperties) = preSolution
		HideSolutionNode = FALSE
	EndGlobalSection
	GlobalSection(NestedProjects) = preSolution
		{0CF3BE81-B60E-4B80-B8E0-36603825CDA7} = {0AB3BF05-4346-4AA6-1389-037BE0695223}
		{A1F64FE3-DF21-41BC-BCDD-402CB6B9A316} = {0AB3BF05-4346-4AA6-1389-037BE0695223}
		{3CA94FAE-6468-4FC3-8EA0-C012191BA8E6} = {FF9AC7E0-29BC-4F15-8F45-D008C44FEB63}
		{19B23972-54B2-4ACC-8846-9EA926FE5863} = {3CA94FAE-6468-4FC3-8EA0-C012191BA8E6}
		{F2B59F92-13C4-4FCF-9B6F-C5E7739F36D3} = {3CA94FAE-6468-4FC3-8EA0-C012191BA8E6}
	EndGlobalSection
EndGlobal
